// !$*UTF8*$!
{
	archiveVersion = 1;
	classes = {
	};
	objectVersion = 46;
	objects = {

/* Begin PBXBuildFile section */
		84BBAC791B46784700B7F910 /* main.m in Sources */ = {isa = PBXBuildFile; fileRef = 84BBAC781B46784700B7F910 /* main.m */; };
		84BBAC7C1B46784800B7F910 /* AppDelegate.m in Sources */ = {isa = PBXBuildFile; fileRef = 84BBAC7B1B46784800B7F910 /* AppDelegate.m */; };
		84BBAC7F1B46784800B7F910 /* ViewController.m in Sources */ = {isa = PBXBuildFile; fileRef = 84BBAC7E1B46784800B7F910 /* ViewController.m */; };
		84BBAC821B46784800B7F910 /* Main.storyboard in Resources */ = {isa = PBXBuildFile; fileRef = 84BBAC801B46784800B7F910 /* Main.storyboard */; };
		84BBAC841B46784800B7F910 /* Images.xcassets in Resources */ = {isa = PBXBuildFile; fileRef = 84BBAC831B46784800B7F910 /* Images.xcassets */; };
		84BBAC871B46784800B7F910 /* LaunchScreen.xib in Resources */ = {isa = PBXBuildFile; fileRef = 84BBAC851B46784800B7F910 /* LaunchScreen.xib */; };
		84BBAC931B46784800B7F910 /* NadaPractice_TableViewIndexTests.m in Sources */ = {isa = PBXBuildFile; fileRef = 84BBAC921B46784800B7F910 /* NadaPractice_TableViewIndexTests.m */; };
		84BBAC9F1B46795C00B7F910 /* NadaTableViewIndex.m in Sources */ = {isa = PBXBuildFile; fileRef = 84BBAC9D1B46795C00B7F910 /* NadaTableViewIndex.m */; };
		84BBACA01B46795C00B7F910 /* NadaTableViewIndex.xib in Resources */ = {isa = PBXBuildFile; fileRef = 84BBAC9E1B46795C00B7F910 /* NadaTableViewIndex.xib */; };
		84BBACA31B467AAE00B7F910 /* Person.m in Sources */ = {isa = PBXBuildFile; fileRef = 84BBACA21B467AAE00B7F910 /* Person.m */; };
		84BBACAA1B467ADB00B7F910 /* ChineseString.m in Sources */ = {isa = PBXBuildFile; fileRef = 84BBACA51B467ADB00B7F910 /* ChineseString.m */; };
		84BBACAC1B467ADB00B7F910 /* pinyin.c in Sources */ = {isa = PBXBuildFile; fileRef = 84BBACA81B467ADB00B7F910 /* pinyin.c */; };
		84BBACB51B467CF500B7F910 /* FollowPeopleCell.m in Sources */ = {isa = PBXBuildFile; fileRef = 84BBACB31B467CF500B7F910 /* FollowPeopleCell.m */; };
		84BBACB61B467CF500B7F910 /* FollowPeopleCell.xib in Resources */ = {isa = PBXBuildFile; fileRef = 84BBACB41B467CF500B7F910 /* FollowPeopleCell.xib */; };
		84BBACB91B467E9A00B7F910 /* NadaModelIndex.m in Sources */ = {isa = PBXBuildFile; fileRef = 84BBACB81B467E9A00B7F910 /* NadaModelIndex.m */; };
/* End PBXBuildFile section */

/* Begin PBXContainerItemProxy section */
		84BBAC8D1B46784800B7F910 /* PBXContainerItemProxy */ = {
			isa = PBXContainerItemProxy;
			containerPortal = 84BBAC6B1B46784700B7F910 /* Project object */;
			proxyType = 1;
			remoteGlobalIDString = 84BBAC721B46784700B7F910;
			remoteInfo = "NadaPractice-TableViewIndex";
		};
/* End PBXContainerItemProxy section */

/* Begin PBXFileReference section */
		84BBAC731B46784700B7F910 /* NadaPractice-TableViewIndex.app */ = {isa = PBXFileReference; explicitFileType = wrapper.application; includeInIndex = 0; path = "NadaPractice-TableViewIndex.app"; sourceTree = BUILT_PRODUCTS_DIR; };
		84BBAC771B46784700B7F910 /* Info.plist */ = {isa = PBXFileReference; lastKnownFileType = text.plist.xml; path = Info.plist; sourceTree = "<group>"; };
		84BBAC781B46784700B7F910 /* main.m */ = {isa = PBXFileReference; lastKnownFileType = sourcecode.c.objc; path = main.m; sourceTree = "<group>"; };
		84BBAC7A1B46784700B7F910 /* AppDelegate.h */ = {isa = PBXFileReference; lastKnownFileType = sourcecode.c.h; path = AppDelegate.h; sourceTree = "<group>"; };
		84BBAC7B1B46784800B7F910 /* AppDelegate.m */ = {isa = PBXFileReference; lastKnownFileType = sourcecode.c.objc; path = AppDelegate.m; sourceTree = "<group>"; };
		84BBAC7D1B46784800B7F910 /* ViewController.h */ = {isa = PBXFileReference; lastKnownFileType = sourcecode.c.h; path = ViewController.h; sourceTree = "<group>"; };
		84BBAC7E1B46784800B7F910 /* ViewController.m */ = {isa = PBXFileReference; lastKnownFileType = sourcecode.c.objc; path = ViewController.m; sourceTree = "<group>"; };
		84BBAC811B46784800B7F910 /* Base */ = {isa = PBXFileReference; lastKnownFileType = file.storyboard; name = Base; path = Base.lproj/Main.storyboard; sourceTree = "<group>"; };
		84BBAC831B46784800B7F910 /* Images.xcassets */ = {isa = PBXFileReference; lastKnownFileType = folder.assetcatalog; path = Images.xcassets; sourceTree = "<group>"; };
		84BBAC861B46784800B7F910 /* Base */ = {isa = PBXFileReference; lastKnownFileType = file.xib; name = Base; path = Base.lproj/LaunchScreen.xib; sourceTree = "<group>"; };
		84BBAC8C1B46784800B7F910 /* NadaPractice-TableViewIndexTests.xctest */ = {isa = PBXFileReference; explicitFileType = wrapper.cfbundle; includeInIndex = 0; path = "NadaPractice-TableViewIndexTests.xctest"; sourceTree = BUILT_PRODUCTS_DIR; };
		84BBAC911B46784800B7F910 /* Info.plist */ = {isa = PBXFileReference; lastKnownFileType = text.plist.xml; path = Info.plist; sourceTree = "<group>"; };
		84BBAC921B46784800B7F910 /* NadaPractice_TableViewIndexTests.m */ = {isa = PBXFileReference; lastKnownFileType = sourcecode.c.objc; path = NadaPractice_TableViewIndexTests.m; sourceTree = "<group>"; };
		84BBAC9C1B46795C00B7F910 /* NadaTableViewIndex.h */ = {isa = PBXFileReference; fileEncoding = 4; lastKnownFileType = sourcecode.c.h; path = NadaTableViewIndex.h; sourceTree = "<group>"; };
		84BBAC9D1B46795C00B7F910 /* NadaTableViewIndex.m */ = {isa = PBXFileReference; fileEncoding = 4; lastKnownFileType = sourcecode.c.objc; path = NadaTableViewIndex.m; sourceTree = "<group>"; };
		84BBAC9E1B46795C00B7F910 /* NadaTableViewIndex.xib */ = {isa = PBXFileReference; fileEncoding = 4; lastKnownFileType = file.xib; path = NadaTableViewIndex.xib; sourceTree = "<group>"; };
		84BBACA11B467AAE00B7F910 /* Person.h */ = {isa = PBXFileReference; fileEncoding = 4; lastKnownFileType = sourcecode.c.h; path = Person.h; sourceTree = "<group>"; };
		84BBACA21B467AAE00B7F910 /* Person.m */ = {isa = PBXFileReference; fileEncoding = 4; lastKnownFileType = sourcecode.c.objc; path = Person.m; sourceTree = "<group>"; };
		84BBACA41B467ADB00B7F910 /* ChineseString.h */ = {isa = PBXFileReference; fileEncoding = 4; lastKnownFileType = sourcecode.c.h; path = ChineseString.h; sourceTree = "<group>"; };
		84BBACA51B467ADB00B7F910 /* ChineseString.m */ = {isa = PBXFileReference; fileEncoding = 4; lastKnownFileType = sourcecode.c.objc; path = ChineseString.m; sourceTree = "<group>"; };
		84BBACA81B467ADB00B7F910 /* pinyin.c */ = {isa = PBXFileReference; fileEncoding = 4; lastKnownFileType = sourcecode.c.c; path = pinyin.c; sourceTree = "<group>"; };
		84BBACA91B467ADB00B7F910 /* pinyin.h */ = {isa = PBXFileReference; fileEncoding = 4; lastKnownFileType = sourcecode.c.h; path = pinyin.h; sourceTree = "<group>"; };
		84BBACB21B467CF500B7F910 /* FollowPeopleCell.h */ = {isa = PBXFileReference; fileEncoding = 4; lastKnownFileType = sourcecode.c.h; path = FollowPeopleCell.h; sourceTree = "<group>"; };
		84BBACB31B467CF500B7F910 /* FollowPeopleCell.m */ = {isa = PBXFileReference; fileEncoding = 4; lastKnownFileType = sourcecode.c.objc; path = FollowPeopleCell.m; sourceTree = "<group>"; };
		84BBACB41B467CF500B7F910 /* FollowPeopleCell.xib */ = {isa = PBXFileReference; fileEncoding = 4; lastKnownFileType = file.xib; path = FollowPeopleCell.xib; sourceTree = "<group>"; };
		84BBACB71B467E9A00B7F910 /* NadaModelIndex.h */ = {isa = PBXFileReference; fileEncoding = 4; lastKnownFileType = sourcecode.c.h; path = NadaModelIndex.h; sourceTree = "<group>"; };
		84BBACB81B467E9A00B7F910 /* NadaModelIndex.m */ = {isa = PBXFileReference; fileEncoding = 4; lastKnownFileType = sourcecode.c.objc; path = NadaModelIndex.m; sourceTree = "<group>"; };
/* End PBXFileReference section */

/* Begin PBXFrameworksBuildPhase section */
		84BBAC701B46784700B7F910 /* Frameworks */ = {
			isa = PBXFrameworksBuildPhase;
			buildActionMask = 2147483647;
			files = (
			);
			runOnlyForDeploymentPostprocessing = 0;
		};
		84BBAC891B46784800B7F910 /* Frameworks */ = {
			isa = PBXFrameworksBuildPhase;
			buildActionMask = 2147483647;
			files = (
			);
			runOnlyForDeploymentPostprocessing = 0;
		};
/* End PBXFrameworksBuildPhase section */

/* Begin PBXGroup section */
		84BBAC6A1B46784600B7F910 = {
			isa = PBXGroup;
			children = (
				84BBAC751B46784700B7F910 /* NadaPractice-TableViewIndex */,
				84BBAC8F1B46784800B7F910 /* NadaPractice-TableViewIndexTests */,
				84BBAC741B46784700B7F910 /* Products */,
			);
			sourceTree = "<group>";
		};
		84BBAC741B46784700B7F910 /* Products */ = {
			isa = PBXGroup;
			children = (
				84BBAC731B46784700B7F910 /* NadaPractice-TableViewIndex.app */,
				84BBAC8C1B46784800B7F910 /* NadaPractice-TableViewIndexTests.xctest */,
			);
			name = Products;
			sourceTree = "<group>";
		};
		84BBAC751B46784700B7F910 /* NadaPractice-TableViewIndex */ = {
			isa = PBXGroup;
			children = (
				84BBACB71B467E9A00B7F910 /* NadaModelIndex.h */,
				84BBACB81B467E9A00B7F910 /* NadaModelIndex.m */,
				84BBACA41B467ADB00B7F910 /* ChineseString.h */,
				84BBACA51B467ADB00B7F910 /* ChineseString.m */,
				84BBACA81B467ADB00B7F910 /* pinyin.c */,
				84BBACA91B467ADB00B7F910 /* pinyin.h */,
				84BBACA11B467AAE00B7F910 /* Person.h */,
				84BBACA21B467AAE00B7F910 /* Person.m */,
				84BBAC9C1B46795C00B7F910 /* NadaTableViewIndex.h */,
				84BBAC9D1B46795C00B7F910 /* NadaTableViewIndex.m */,
				84BBAC9E1B46795C00B7F910 /* NadaTableViewIndex.xib */,
				84BBACB21B467CF500B7F910 /* FollowPeopleCell.h */,
				84BBACB31B467CF500B7F910 /* FollowPeopleCell.m */,
				84BBACB41B467CF500B7F910 /* FollowPeopleCell.xib */,
				84BBAC7D1B46784800B7F910 /* ViewController.h */,
				84BBAC7E1B46784800B7F910 /* ViewController.m */,
				84BBAC7A1B46784700B7F910 /* AppDelegate.h */,
				84BBAC7B1B46784800B7F910 /* AppDelegate.m */,
				84BBAC801B46784800B7F910 /* Main.storyboard */,
				84BBAC831B46784800B7F910 /* Images.xcassets */,
				84BBAC851B46784800B7F910 /* LaunchScreen.xib */,
				84BBAC761B46784700B7F910 /* Supporting Files */,
			);
			path = "NadaPractice-TableViewIndex";
			sourceTree = "<group>";
		};
		84BBAC761B46784700B7F910 /* Supporting Files */ = {
			isa = PBXGroup;
			children = (
				84BBAC771B46784700B7F910 /* Info.plist */,
				84BBAC781B46784700B7F910 /* main.m */,
			);
			name = "Supporting Files";
			sourceTree = "<group>";
		};
		84BBAC8F1B46784800B7F910 /* NadaPractice-TableViewIndexTests */ = {
			isa = PBXGroup;
			children = (
				84BBAC921B46784800B7F910 /* NadaPractice_TableViewIndexTests.m */,
				84BBAC901B46784800B7F910 /* Supporting Files */,
			);
			path = "NadaPractice-TableViewIndexTests";
			sourceTree = "<group>";
		};
		84BBAC901B46784800B7F910 /* Supporting Files */ = {
			isa = PBXGroup;
			children = (
				84BBAC911B46784800B7F910 /* Info.plist */,
			);
			name = "Supporting Files";
			sourceTree = "<group>";
		};
/* End PBXGroup section */

/* Begin PBXNativeTarget section */
		84BBAC721B46784700B7F910 /* NadaPractice-TableViewIndex */ = {
			isa = PBXNativeTarget;
			buildConfigurationList = 84BBAC961B46784800B7F910 /* Build configuration list for PBXNativeTarget "NadaPractice-TableViewIndex" */;
			buildPhases = (
				84BBAC6F1B46784700B7F910 /* Sources */,
				84BBAC701B46784700B7F910 /* Frameworks */,
				84BBAC711B46784700B7F910 /* Resources */,
			);
			buildRules = (
			);
			dependencies = (
			);
			name = "NadaPractice-TableViewIndex";
			productName = "NadaPractice-TableViewIndex";
			productReference = 84BBAC731B46784700B7F910 /* NadaPractice-TableViewIndex.app */;
			productType = "com.apple.product-type.application";
		};
		84BBAC8B1B46784800B7F910 /* NadaPractice-TableViewIndexTests */ = {
			isa = PBXNativeTarget;
			buildConfigurationList = 84BBAC991B46784800B7F910 /* Build configuration list for PBXNativeTarget "NadaPractice-TableViewIndexTests" */;
			buildPhases = (
				84BBAC881B46784800B7F910 /* Sources */,
				84BBAC891B46784800B7F910 /* Frameworks */,
				84BBAC8A1B46784800B7F910 /* Resources */,
			);
			buildRules = (
			);
			dependencies = (
				84BBAC8E1B46784800B7F910 /* PBXTargetDependency */,
			);
			name = "NadaPractice-TableViewIndexTests";
			productName = "NadaPractice-TableViewIndexTests";
			productReference = 84BBAC8C1B46784800B7F910 /* NadaPractice-TableViewIndexTests.xctest */;
			productType = "com.apple.product-type.bundle.unit-test";
		};
/* End PBXNativeTarget section */

/* Begin PBXProject section */
		84BBAC6B1B46784700B7F910 /* Project object */ = {
			isa = PBXProject;
			attributes = {
				LastUpgradeCheck = 0630;
				ORGANIZATIONNAME = nada;
				TargetAttributes = {
					84BBAC721B46784700B7F910 = {
						CreatedOnToolsVersion = 6.3.2;
					};
					84BBAC8B1B46784800B7F910 = {
						CreatedOnToolsVersion = 6.3.2;
						TestTargetID = 84BBAC721B46784700B7F910;
					};
				};
			};
			buildConfigurationList = 84BBAC6E1B46784700B7F910 /* Build configuration list for PBXProject "NadaPractice-TableViewIndex" */;
			compatibilityVersion = "Xcode 3.2";
			developmentRegion = English;
			hasScannedForEncodings = 0;
			knownRegions = (
				en,
				Base,
			);
			mainGroup = 84BBAC6A1B46784600B7F910;
			productRefGroup = 84BBAC741B46784700B7F910 /* Products */;
			projectDirPath = "";
			projectRoot = "";
			targets = (
				84BBAC721B46784700B7F910 /* NadaPractice-TableViewIndex */,
				84BBAC8B1B46784800B7F910 /* NadaPractice-TableViewIndexTests */,
			);
		};
/* End PBXProject section */

/* Begin PBXResourcesBuildPhase section */
		84BBAC711B46784700B7F910 /* Resources */ = {
			isa = PBXResourcesBuildPhase;
			buildActionMask = 2147483647;
			files = (
				84BBAC821B46784800B7F910 /* Main.storyboard in Resources */,
				84BBAC871B46784800B7F910 /* LaunchScreen.xib in Resources */,
				84BBACA01B46795C00B7F910 /* NadaTableViewIndex.xib in Resources */,
				84BBACB61B467CF500B7F910 /* FollowPeopleCell.xib in Resources */,
				84BBAC841B46784800B7F910 /* Images.xcassets in Resources */,
			);
			runOnlyForDeploymentPostprocessing = 0;
		};
		84BBAC8A1B46784800B7F910 /* Resources */ = {
			isa = PBXResourcesBuildPhase;
			buildActionMask = 2147483647;
			files = (
			);
			runOnlyForDeploymentPostprocessing = 0;
		};
/* End PBXResourcesBuildPhase section */

/* Begin PBXSourcesBuildPhase section */
		84BBAC6F1B46784700B7F910 /* Sources */ = {
			isa = PBXSourcesBuildPhase;
			buildActionMask = 2147483647;
			files = (
				84BBACAC1B467ADB00B7F910 /* pinyin.c in Sources */,
				84BBAC7F1B46784800B7F910 /* ViewController.m in Sources */,
				84BBAC7C1B46784800B7F910 /* AppDelegate.m in Sources */,
				84BBACB91B467E9A00B7F910 /* NadaModelIndex.m in Sources */,
				84BBACB51B467CF500B7F910 /* FollowPeopleCell.m in Sources */,
				84BBACAA1B467ADB00B7F910 /* ChineseString.m in Sources */,
				84BBACA31B467AAE00B7F910 /* Person.m in Sources */,
				84BBAC9F1B46795C00B7F910 /* NadaTableViewIndex.m in Sources */,
				84BBAC791B46784700B7F910 /* main.m in Sources */,
			);
			runOnlyForDeploymentPostprocessing = 0;
		};
		84BBAC881B46784800B7F910 /* Sources */ = {
			isa = PBXSourcesBuildPhase;
			buildActionMask = 2147483647;
			files = (
				84BBAC931B46784800B7F910 /* NadaPractice_TableViewIndexTests.m in Sources */,
			);
			runOnlyForDeploymentPostprocessing = 0;
		};
/* End PBXSourcesBuildPhase section */

/* Begin PBXTargetDependency section */
		84BBAC8E1B46784800B7F910 /* PBXTargetDependency */ = {
			isa = PBXTargetDependency;
			target = 84BBAC721B46784700B7F910 /* NadaPractice-TableViewIndex */;
			targetProxy = 84BBAC8D1B46784800B7F910 /* PBXContainerItemProxy */;
		};
/* End PBXTargetDependency section */

/* Begin PBXVariantGroup section */
		84BBAC801B46784800B7F910 /* Main.storyboard */ = {
			isa = PBXVariantGroup;
			children = (
				84BBAC811B46784800B7F910 /* Base */,
			);
			name = Main.storyboard;
			sourceTree = "<group>";
		};
		84BBAC851B46784800B7F910 /* LaunchScreen.xib */ = {
			isa = PBXVariantGroup;
			children = (
				84BBAC861B46784800B7F910 /* Base */,
			);
			name = LaunchScreen.xib;
			sourceTree = "<group>";
		};
/* End PBXVariantGroup section */

/* Begin XCBuildConfiguration section */
		84BBAC941B46784800B7F910 /* Debug */ = {
			isa = XCBuildConfiguration;
			buildSettings = {
				ALWAYS_SEARCH_USER_PATHS = NO;
				CLANG_CXX_LANGUAGE_STANDARD = "gnu++0x";
				CLANG_CXX_LIBRARY = "libc++";
				CLANG_ENABLE_MODULES = YES;
				CLANG_ENABLE_OBJC_ARC = YES;
				CLANG_WARN_BOOL_CONVERSION = YES;
				CLANG_WARN_CONSTANT_CONVERSION = YES;
				CLANG_WARN_DIRECT_OBJC_ISA_USAGE = YES_ERROR;
				CLANG_WARN_EMPTY_BODY = YES;
				CLANG_WARN_ENUM_CONVERSION = YES;
				CLANG_WARN_INT_CONVERSION = YES;
				CLANG_WARN_OBJC_ROOT_CLASS = YES_ERROR;
				CLANG_WARN_UNREACHABLE_CODE = YES;
				CLANG_WARN__DUPLICATE_METHOD_MATCH = YES;
				"CODE_SIGN_IDENTITY[sdk=iphoneos*]" = "iPhone Developer";
				COPY_PHASE_STRIP = NO;
				DEBUG_INFORMATION_FORMAT = "dwarf-with-dsym";
				ENABLE_STRICT_OBJC_MSGSEND = YES;
				GCC_C_LANGUAGE_STANDARD = gnu99;
				GCC_DYNAMIC_NO_PIC = NO;
				GCC_NO_COMMON_BLOCKS = YES;
				GCC_OPTIMIZATION_LEVEL = 0;
				GCC_PREPROCESSOR_DEFINITIONS = (
					"DEBUG=1",
					"$(inherited)",
				);
				GCC_SYMBOLS_PRIVATE_EXTERN = NO;
				GCC_WARN_64_TO_32_BIT_CONVERSION = YES;
				GCC_WARN_ABOUT_RETURN_TYPE = YES_ERROR;
				GCC_WARN_UNDECLARED_SELECTOR = YES;
				GCC_WARN_UNINITIALIZED_AUTOS = YES_AGGRESSIVE;
				GCC_WARN_UNUSED_FUNCTION = YES;
				GCC_WARN_UNUSED_VARIABLE = YES;
				IPHONEOS_DEPLOYMENT_TARGET = 8.3;
				MTL_ENABLE_DEBUG_INFO = YES;
				ONLY_ACTIVE_ARCH = YES;
				SDKROOT = iphoneos;
			};
			name = Debug;
		};
		84BBAC951B46784800B7F910 /* Release */ = {
			isa = XCBuildConfiguration;
			buildSettings = {
				ALWAYS_SEARCH_USER_PATHS = NO;
				CLANG_CXX_LANGUAGE_STANDARD = "gnu++0x";
				CLANG_CXX_LIBRARY = "libc++";
				CLANG_ENABLE_MODULES = YES;
				CLANG_ENABLE_OBJC_ARC = YES;
				CLANG_WARN_BOOL_CONVERSION = YES;
				CLANG_WARN_CONSTANT_CONVERSION = YES;
				CLANG_WARN_DIRECT_OBJC_ISA_USAGE = YES_ERROR;
				CLANG_WARN_EMPTY_BODY = YES;
				CLANG_WARN_ENUM_CONVERSION = YES;
				CLANG_WARN_INT_CONVERSION = YES;
				CLANG_WARN_OBJC_ROOT_CLASS = YES_ERROR;
				CLANG_WARN_UNREACHABLE_CODE = YES;
				CLANG_WARN__DUPLICATE_METHOD_MATCH = YES;
				"CODE_SIGN_IDENTITY[sdk=iphoneos*]" = "iPhone Developer";
				COPY_PHASE_STRIP = NO;
				DEBUG_INFORMATION_FORMAT = "dwarf-with-dsym";
				ENABLE_NS_ASSERTIONS = NO;
				ENABLE_STRICT_OBJC_MSGSEND = YES;
				GCC_C_LANGUAGE_STANDARD = gnu99;
				GCC_NO_COMMON_BLOCKS = YES;
				GCC_WARN_64_TO_32_BIT_CONVERSION = YES;
				GCC_WARN_ABOUT_RETURN_TYPE = YES_ERROR;
				GCC_WARN_UNDECLARED_SELECTOR = YES;
				GCC_WARN_UNINITIALIZED_AUTOS = YES_AGGRESSIVE;
				GCC_WARN_UNUSED_FUNCTION = YES;
				GCC_WARN_UNUSED_VARIABLE = YES;
				IPHONEOS_DEPLOYMENT_TARGET = 8.3;
				MTL_ENABLE_DEBUG_INFO = NO;
				SDKROOT = iphoneos;
				VALIDATE_PRODUCT = YES;
			};
			name = Release;
		};
		84BBAC971B46784800B7F910 /* Debug */ = {
			isa = XCBuildConfiguration;
			buildSettings = {
				ASSETCATALOG_COMPILER_APPICON_NAME = AppIcon;
				INFOPLIST_FILE = "NadaPractice-TableViewIndex/Info.plist";
				LD_RUNPATH_SEARCH_PATHS = "$(inherited) @executable_path/Frameworks";
				PRODUCT_NAME = "$(TARGET_NAME)";
			};
			name = Debug;
		};
		84BBAC981B46784800B7F910 /* Release */ = {
			isa = XCBuildConfiguration;
			buildSettings = {
				ASSETCATALOG_COMPILER_APPICON_NAME = AppIcon;
				INFOPLIST_FILE = "NadaPractice-TableViewIndex/Info.plist";
				LD_RUNPATH_SEARCH_PATHS = "$(inherited) @executable_path/Frameworks";
				PRODUCT_NAME = "$(TARGET_NAME)";
			};
			name = Release;
		};
		84BBAC9A1B46784800B7F910 /* Debug */ = {
			isa = XCBuildConfiguration;
			buildSettings = {
				BUNDLE_LOADER = "$(TEST_HOST)";
				FRAMEWORK_SEARCH_PATHS = (
					"$(SDKROOT)/Developer/Library/Frameworks",
					"$(inherited)",
				);
				GCC_PREPROCESSOR_DEFINITIONS = (
					"DEBUG=1",
					"$(inherited)",
				);
				INFOPLIST_FILE = "NadaPractice-TableViewIndexTests/Info.plist";
				LD_RUNPATH_SEARCH_PATHS = "$(inherited) @executable_path/Frameworks @loader_path/Frameworks";
				PRODUCT_NAME = "$(TARGET_NAME)";
				TEST_HOST = "$(BUILT_PRODUCTS_DIR)/NadaPractice-TableViewIndex.app/NadaPractice-TableViewIndex";
			};
			name = Debug;
		};
		84BBAC9B1B46784800B7F910 /* Release */ = {
			isa = XCBuildConfiguration;
			buildSettings = {
				BUNDLE_LOADER = "$(TEST_HOST)";
				FRAMEWORK_SEARCH_PATHS = (
					"$(SDKROOT)/Developer/Library/Frameworks",
					"$(inherited)",
				);
				INFOPLIST_FILE = "NadaPractice-TableViewIndexTests/Info.plist";
				LD_RUNPATH_SEARCH_PATHS = "$(inherited) @executable_path/Frameworks @loader_path/Frameworks";
				PRODUCT_NAME = "$(TARGET_NAME)";
				TEST_HOST = "$(BUILT_PRODUCTS_DIR)/NadaPractice-TableViewIndex.app/NadaPractice-TableViewIndex";
			};
			name = Release;
		};
/* End XCBuildConfiguration section */

/* Begin XCConfigurationList section */
		84BBAC6E1B46784700B7F910 /* Build configuration list for PBXProject "NadaPractice-TableViewIndex" */ = {
			isa = XCConfigurationList;
			buildConfigurations = (
				84BBAC941B46784800B7F910 /* Debug */,
				84BBAC951B46784800B7F910 /* Release */,
			);
			defaultConfigurationIsVisible = 0;
			defaultConfigurationName = Release;
		};
		84BBAC961B46784800B7F910 /* Build configuration list for PBXNativeTarget "NadaPractice-TableViewIndex" */ = {
			isa = XCConfigurationList;
			buildConfigurations = (
				84BBAC971B46784800B7F910 /* Debug */,
				84BBAC981B46784800B7F910 /* Release */,
			);
			defaultConfigurationIsVisible = 0;
		};
		84BBAC991B46784800B7F910 /* Build configuration list for PBXNativeTarget "NadaPractice-TableViewIndexTests" */ = {
			isa = XCConfigurationList;
			buildConfigurations = (
				84BBAC9A1B46784800B7F910 /* Debug */,
				84BBAC9B1B46784800B7F910 /* Release */,
			);
			defaultConfigurationIsVisible = 0;
		};
/* End XCConfigurationList section */
	};
	rootObject = 84BBAC6B1B46784700B7F910 /* Project object */;
}
